standard_name: ello-repo-standard
version: "1.0.0"
source: "ello-repo-control/standard/versions/1.0.0"
package_hash: "af6f2a2b67b75abe964565631e5bfb5a08667ddd622d337e36d2065d4e7a9ff5"
install_date: "2026-08-18"
installed_profile: "product"
mode: "migrate"
local_overrides:
  - "allowed_root_dirs_extra: [__tests__, app, components, content, datasets, Devins_Plans, e2e, governance, lib, methodology, observatory, ontology, papers, research, supabase, workflows, system-devin]"
  - "coordination.backend: drep"
  - "coordination.drep_root: system-devin"
  - "coordination.rep1_role: LEAD"
  - "coordination.rep2_role: ASSIST"
  - "canon.authority_role: implementation"
  - "canon.canon_contexts: [sigrank]"
compatibility_status: "current"
